
Microsoft Visual Studio Solution File, Format Version 12.00
# Visual Studio Version 16
VisualStudioVersion = 16.0.29306.81
MinimumVisualStudioVersion = 10.0.40219.1
Project("{FAE04EC0-301F-11D3-BF4B-00C04F79EFBC}") = "ssm_mvc_demo1", "ssm_mvc_demo1.csproj", "{3128D03E-B80A-4556-850A-CC763560382A}"
EndProject
Global
	GlobalSection(SolutionConfigurationPlatforms) = preSolution
		Debug|Any CPU = Debug|Any CPU
		Release|Any CPU = Release|Any CPU
	EndGlobalSection
	GlobalSection(ProjectConfigurationPlatforms) = postSolution
		{3128D03E-B80A-4556-850A-CC763560382A}.Debug|Any CPU.ActiveCfg = Debug|Any CPU
		{3128D03E-B80A-4556-850A-CC763560382A}.Debug|Any CPU.Build.0 = Debug|Any CPU
		{3128D03E-B80A-4556-850A-CC763560382A}.Release|Any CPU.ActiveCfg = Release|Any CPU
		{3128D03E-B80A-4556-850A-CC763560382A}.Release|Any CPU.Build.0 = Release|Any CPU
	EndGlobalSection
	GlobalSection(SolutionProperties) = preSolution
		HideSolutionNode = FALSE
	EndGlobalSection
	GlobalSection(ExtensibilityGlobals) = postSolution
		SolutionGuid = {AB13945B-CBDB-463F-BCA1-E8C6705948FE}
	EndGlobalSection
EndGlobal
